
Microsoft Visual Studio Solution File, Format Version 12.00
# Visual Studio Version 17
VisualStudioVersion = 17.1.31911.260
MinimumVisualStudioVersion = 10.0.40219.1
Project("{FAE04EC0-301F-11D3-BF4B-00C04F79EFBC}") = "VIMReference", "VIMReference.csproj", "{5CE94A87-FD41-4C55-A633-03ADC73EF874}"
EndProject
Global
	GlobalSection(SolutionConfigurationPlatforms) = preSolution
		Debug|Any CPU = Debug|Any CPU
		Release|Any CPU = Release|Any CPU
	EndGlobalSection
	GlobalSection(ProjectConfigurationPlatforms) = postSolution
		{5CE94A87-FD41-4C55-A633-03ADC73EF874}.Debug|Any CPU.ActiveCfg = Debug|Any CPU
		{5CE94A87-FD41-4C55-A633-03ADC73EF874}.Debug|Any CPU.Build.0 = Debug|Any CPU
		{5CE94A87-FD41-4C55-A633-03ADC73EF874}.Release|Any CPU.ActiveCfg = Release|Any CPU
		{5CE94A87-FD41-4C55-A633-03ADC73EF874}.Release|Any CPU.Build.0 = Release|Any CPU
	EndGlobalSection
	GlobalSection(SolutionProperties) = preSolution
		HideSolutionNode = FALSE
	EndGlobalSection
	GlobalSection(ExtensibilityGlobals) = postSolution
		SolutionGuid = {AB1BF8D9-43C9-493D-AC03-20278E169D06}
	EndGlobalSection
EndGlobal
